
Microsoft Visual Studio Solution File, Format Version 12.00
# Visual Studio Version 17
VisualStudioVersion = 17.1.32210.238
MinimumVisualStudioVersion = 10.0.40219.1
Project("{FAE04EC0-301F-11D3-BF4B-00C04F79EFBC}") = "AliFsmnVadSharp", "AliFsmnVadSharp.csproj", "{441C00CB-B6B1-43F5-90A5-079C7BDB4C09}"
EndProject
Project("{FAE04EC0-301F-11D3-BF4B-00C04F79EFBC}") = "AliFsmnVadSharp.Examples", "..\AliFsmnVadSharp.Examples\AliFsmnVadSharp.Examples.csproj", "{792212DA-58C8-4532-9A55-0D0E2B5E3148}"
EndProject
Global
	GlobalSection(SolutionConfigurationPlatforms) = preSolution
		Debug|Any CPU = Debug|Any CPU
		Release|Any CPU = Release|Any CPU
	EndGlobalSection
	GlobalSection(ProjectConfigurationPlatforms) = postSolution
		{441C00CB-B6B1-43F5-90A5-079C7BDB4C09}.Debug|Any CPU.ActiveCfg = Debug|Any CPU
		{441C00CB-B6B1-43F5-90A5-079C7BDB4C09}.Debug|Any CPU.Build.0 = Debug|Any CPU
		{441C00CB-B6B1-43F5-90A5-079C7BDB4C09}.Release|Any CPU.ActiveCfg = Release|Any CPU
		{441C00CB-B6B1-43F5-90A5-079C7BDB4C09}.Release|Any CPU.Build.0 = Release|Any CPU
		{792212DA-58C8-4532-9A55-0D0E2B5E3148}.Debug|Any CPU.ActiveCfg = Debug|Any CPU
		{792212DA-58C8-4532-9A55-0D0E2B5E3148}.Debug|Any CPU.Build.0 = Debug|Any CPU
		{792212DA-58C8-4532-9A55-0D0E2B5E3148}.Release|Any CPU.ActiveCfg = Release|Any CPU
		{792212DA-58C8-4532-9A55-0D0E2B5E3148}.Release|Any CPU.Build.0 = Release|Any CPU
	EndGlobalSection
	GlobalSection(SolutionProperties) = preSolution
		HideSolutionNode = FALSE
	EndGlobalSection
	GlobalSection(ExtensibilityGlobals) = postSolution
		SolutionGuid = {FCC1BBCC-91A3-4223-B368-D272FB5108B6}
	EndGlobalSection
EndGlobal
